
Microsoft Visual Studio Solution File, Format Version 12.00
# Visual Studio Version 17
VisualStudioVersion = 17.1.32210.238
MinimumVisualStudioVersion = 10.0.40219.1
Project("{2150E333-8FDC-42A3-9474-1A3956D46DE8}") = "Step01", "Step01", "{08D0BE5F-546A-44F7-AE67-5B856B09F32B}"
EndProject
Project("{9A19103F-16F7-4668-BE54-9A1E7A4F7556}") = "BubbleSort", "Step01\BubbleSort\BubbleSort.csproj", "{4D1E2850-7E61-4A59-A964-AE3A9F701537}"
EndProject
Project("{9A19103F-16F7-4668-BE54-9A1E7A4F7556}") = "BinarySearch", "Step01\BinarySearch\BinarySearch.csproj", "{CD7F45E7-B9E3-4DFE-87A6-C8C97D406E09}"
EndProject
Project("{9A19103F-16F7-4668-BE54-9A1E7A4F7556}") = "Fibonacci", "Step01\Fibonacci\Fibonacci.csproj", "{19C3746D-AA9C-4740-BD46-500760B47112}"
EndProject
Project("{9A19103F-16F7-4668-BE54-9A1E7A4F7556}") = "Step1UnitTest", "Step01\Step1UnitTest\Step1UnitTest.csproj", "{84E94A4D-DD5B-4F41-9628-AE5D6A437567}"
EndProject
Project("{FAE04EC0-301F-11D3-BF4B-00C04F79EFBC}") = "ChangeOperator", "Step01\ChangeOperator\ChangeOperator.csproj", "{F9DAD495-EBF5-40BD-9951-9DCA441553B9}"
EndProject
Global
	GlobalSection(SolutionConfigurationPlatforms) = preSolution
		Debug|Any CPU = Debug|Any CPU
		Release|Any CPU = Release|Any CPU
	EndGlobalSection
	GlobalSection(ProjectConfigurationPlatforms) = postSolution
		{4D1E2850-7E61-4A59-A964-AE3A9F701537}.Debug|Any CPU.ActiveCfg = Debug|Any CPU
		{4D1E2850-7E61-4A59-A964-AE3A9F701537}.Debug|Any CPU.Build.0 = Debug|Any CPU
		{4D1E2850-7E61-4A59-A964-AE3A9F701537}.Release|Any CPU.ActiveCfg = Release|Any CPU
		{4D1E2850-7E61-4A59-A964-AE3A9F701537}.Release|Any CPU.Build.0 = Release|Any CPU
		{CD7F45E7-B9E3-4DFE-87A6-C8C97D406E09}.Debug|Any CPU.ActiveCfg = Debug|Any CPU
		{CD7F45E7-B9E3-4DFE-87A6-C8C97D406E09}.Debug|Any CPU.Build.0 = Debug|Any CPU
		{CD7F45E7-B9E3-4DFE-87A6-C8C97D406E09}.Release|Any CPU.ActiveCfg = Release|Any CPU
		{CD7F45E7-B9E3-4DFE-87A6-C8C97D406E09}.Release|Any CPU.Build.0 = Release|Any CPU
		{19C3746D-AA9C-4740-BD46-500760B47112}.Debug|Any CPU.ActiveCfg = Debug|Any CPU
		{19C3746D-AA9C-4740-BD46-500760B47112}.Debug|Any CPU.Build.0 = Debug|Any CPU
		{19C3746D-AA9C-4740-BD46-500760B47112}.Release|Any CPU.ActiveCfg = Release|Any CPU
		{19C3746D-AA9C-4740-BD46-500760B47112}.Release|Any CPU.Build.0 = Release|Any CPU
		{84E94A4D-DD5B-4F41-9628-AE5D6A437567}.Debug|Any CPU.ActiveCfg = Debug|Any CPU
		{84E94A4D-DD5B-4F41-9628-AE5D6A437567}.Debug|Any CPU.Build.0 = Debug|Any CPU
		{84E94A4D-DD5B-4F41-9628-AE5D6A437567}.Release|Any CPU.ActiveCfg = Release|Any CPU
		{84E94A4D-DD5B-4F41-9628-AE5D6A437567}.Release|Any CPU.Build.0 = Release|Any CPU
		{F9DAD495-EBF5-40BD-9951-9DCA441553B9}.Debug|Any CPU.ActiveCfg = Debug|Any CPU
		{F9DAD495-EBF5-40BD-9951-9DCA441553B9}.Debug|Any CPU.Build.0 = Debug|Any CPU
		{F9DAD495-EBF5-40BD-9951-9DCA441553B9}.Release|Any CPU.ActiveCfg = Release|Any CPU
		{F9DAD495-EBF5-40BD-9951-9DCA441553B9}.Release|Any CPU.Build.0 = Release|Any CPU
	EndGlobalSection
	GlobalSection(SolutionProperties) = preSolution
		HideSolutionNode = FALSE
	EndGlobalSection
	GlobalSection(NestedProjects) = preSolution
		{4D1E2850-7E61-4A59-A964-AE3A9F701537} = {08D0BE5F-546A-44F7-AE67-5B856B09F32B}
		{CD7F45E7-B9E3-4DFE-87A6-C8C97D406E09} = {08D0BE5F-546A-44F7-AE67-5B856B09F32B}
		{19C3746D-AA9C-4740-BD46-500760B47112} = {08D0BE5F-546A-44F7-AE67-5B856B09F32B}
		{84E94A4D-DD5B-4F41-9628-AE5D6A437567} = {08D0BE5F-546A-44F7-AE67-5B856B09F32B}
		{F9DAD495-EBF5-40BD-9951-9DCA441553B9} = {08D0BE5F-546A-44F7-AE67-5B856B09F32B}
	EndGlobalSection
	GlobalSection(ExtensibilityGlobals) = postSolution
		SolutionGuid = {7805328D-46DB-4CBD-9BF1-39D753729FC3}
	EndGlobalSection
EndGlobal
